{
  "nodes": {
    "fenix": {
      "inputs": {
        "nixpkgs": [
          "nixpkgs"
        ],
        "rust-analyzer-src": "rust-analyzer-src"
      },
      "locked": {
        "lastModified": 1670394267,
        "narHash": "sha256-e3Rww5M3k50QqzXbQu/jiDdsUkfblFydrUQJPj8YYfM=",
        "owner": "nix-community",
        "repo": "fenix",
        "rev": "f926b4aefa71d6f3ecb784c61f6f58d04d28fd2c",
        "type": "github"
      },
      "original": {
        "owner": "nix-community",
        "repo": "fenix",
        "type": "github"
      }
    },
    "flake-utils": {
      "locked": {
        "lastModified": 1667077288,
        "narHash": "sha256-bdC8sFNDpT0HK74u9fUkpbf1MEzVYJ+ka7NXCdgBoaA=",
        "owner": "numtide",
        "repo": "flake-utils",
        "rev": "6ee9ebb6b1ee695d2cacc4faa053a7b9baa76817",
        "type": "github"
      },
      "original": {
        "owner": "numtide",
        "repo": "flake-utils",
        "type": "github"
      }
    },
    "nixpkgs": {
      "locked": {
        "lastModified": 1667050928,
        "narHash": "sha256-xOn0ZgjImIyeecEsrjxuvlW7IW5genTwvvnDQRFncB8=",
        "owner": "NixOS",
        "repo": "nixpkgs",
        "rev": "fdebb81f45a1ba2c4afca5fd9f526e1653ad0949",
        "type": "github"
      },
      "original": {
        "owner": "NixOS",
        "ref": "nixos-unstable",
        "repo": "nixpkgs",
        "type": "github"
      }
    },
    "root": {
      "inputs": {
        "fenix": "fenix",
        "flake-utils": "flake-utils",
        "nixpkgs": "nixpkgs"
      }
    },
    "rust-analyzer-src": {
      "flake": false,
      "locked": {
        "lastModified": 1670314574,
        "narHash": "sha256-gkj21vqdQC6nbbk0YZRy02eLEom38gtzVNqfLc2nKLE=",
        "owner": "rust-lang",
        "repo": "rust-analyzer",
        "rev": "df07c8fafa78ace4c4d2ded82d561f76a35e0ade",
        "type": "github"
      },
      "original": {
        "owner": "rust-lang",
        "ref": "nightly",
        "repo": "rust-analyzer",
        "type": "github"
      }
    }
  },
  "root": "root",
  "version": 7
}
